
Microsoft Visual Studio Solution File, Format Version 12.00
# Visual Studio 15
Project("{FAE04EC0-301F-11D3-BF4B-00C04F79EFBC}") = "EnoxSoftware.OpenCVForUnity", "EnoxSoftware.OpenCVForUnity.csproj", "{FE04043D-E546-450D-774C-7343DAA059DA}"
EndProject
Project("{FAE04EC0-301F-11D3-BF4B-00C04F79EFBC}") = "VuforiaScripts", "VuforiaScripts.csproj", "{91043177-A138-D1DF-607E-43AC9C35BB15}"
EndProject
Project("{FAE04EC0-301F-11D3-BF4B-00C04F79EFBC}") = "Assembly-CSharp", "Assembly-CSharp.csproj", "{5C52625E-EF92-4A04-D274-DD2FF328424A}"
EndProject
Project("{FAE04EC0-301F-11D3-BF4B-00C04F79EFBC}") = "VuforiaEditorScripts", "VuforiaEditorScripts.csproj", "{B4745F9E-0D61-CA29-3F26-B0F4708B552E}"
EndProject
Project("{FAE04EC0-301F-11D3-BF4B-00C04F79EFBC}") = "Assembly-CSharp-Editor", "Assembly-CSharp-Editor.csproj", "{0EDF2380-99AE-F684-1108-CFF82FC03A17}"
EndProject
Project("{FAE04EC0-301F-11D3-BF4B-00C04F79EFBC}") = "EnoxSoftware.OpenCVForUnity.Editor", "EnoxSoftware.OpenCVForUnity.Editor.csproj", "{13E2C7B5-F57F-4667-1F73-30182B5F70D5}"
EndProject
Global
	GlobalSection(SolutionConfigurationPlatforms) = preSolution
		Debug|Any CPU = Debug|Any CPU
		Release|Any CPU = Release|Any CPU
	EndGlobalSection
	GlobalSection(ProjectConfigurationPlatforms) = postSolution
		{FE04043D-E546-450D-774C-7343DAA059DA}.Debug|Any CPU.ActiveCfg = Debug|Any CPU
		{FE04043D-E546-450D-774C-7343DAA059DA}.Debug|Any CPU.Build.0 = Debug|Any CPU
		{FE04043D-E546-450D-774C-7343DAA059DA}.Release|Any CPU.ActiveCfg = Release|Any CPU
		{FE04043D-E546-450D-774C-7343DAA059DA}.Release|Any CPU.Build.0 = Release|Any CPU
		{91043177-A138-D1DF-607E-43AC9C35BB15}.Debug|Any CPU.ActiveCfg = Debug|Any CPU
		{91043177-A138-D1DF-607E-43AC9C35BB15}.Debug|Any CPU.Build.0 = Debug|Any CPU
		{91043177-A138-D1DF-607E-43AC9C35BB15}.Release|Any CPU.ActiveCfg = Release|Any CPU
		{91043177-A138-D1DF-607E-43AC9C35BB15}.Release|Any CPU.Build.0 = Release|Any CPU
		{5C52625E-EF92-4A04-D274-DD2FF328424A}.Debug|Any CPU.ActiveCfg = Debug|Any CPU
		{5C52625E-EF92-4A04-D274-DD2FF328424A}.Debug|Any CPU.Build.0 = Debug|Any CPU
		{5C52625E-EF92-4A04-D274-DD2FF328424A}.Release|Any CPU.ActiveCfg = Release|Any CPU
		{5C52625E-EF92-4A04-D274-DD2FF328424A}.Release|Any CPU.Build.0 = Release|Any CPU
		{B4745F9E-0D61-CA29-3F26-B0F4708B552E}.Debug|Any CPU.ActiveCfg = Debug|Any CPU
		{B4745F9E-0D61-CA29-3F26-B0F4708B552E}.Debug|Any CPU.Build.0 = Debug|Any CPU
		{B4745F9E-0D61-CA29-3F26-B0F4708B552E}.Release|Any CPU.ActiveCfg = Release|Any CPU
		{B4745F9E-0D61-CA29-3F26-B0F4708B552E}.Release|Any CPU.Build.0 = Release|Any CPU
		{0EDF2380-99AE-F684-1108-CFF82FC03A17}.Debug|Any CPU.ActiveCfg = Debug|Any CPU
		{0EDF2380-99AE-F684-1108-CFF82FC03A17}.Debug|Any CPU.Build.0 = Debug|Any CPU
		{0EDF2380-99AE-F684-1108-CFF82FC03A17}.Release|Any CPU.ActiveCfg = Release|Any CPU
		{0EDF2380-99AE-F684-1108-CFF82FC03A17}.Release|Any CPU.Build.0 = Release|Any CPU
		{13E2C7B5-F57F-4667-1F73-30182B5F70D5}.Debug|Any CPU.ActiveCfg = Debug|Any CPU
		{13E2C7B5-F57F-4667-1F73-30182B5F70D5}.Debug|Any CPU.Build.0 = Debug|Any CPU
		{13E2C7B5-F57F-4667-1F73-30182B5F70D5}.Release|Any CPU.ActiveCfg = Release|Any CPU
		{13E2C7B5-F57F-4667-1F73-30182B5F70D5}.Release|Any CPU.Build.0 = Release|Any CPU
	EndGlobalSection
	GlobalSection(SolutionProperties) = preSolution
		HideSolutionNode = FALSE
	EndGlobalSection
	GlobalSection(MonoDevelopProperties) = preSolution
		StartupItem = Assembly-CSharp.csproj
	EndGlobalSection
EndGlobal
